// !$*UTF8*$!
{
	archiveVersion = 1;
	classes = {
	};
	objectVersion = 50;
	objects = {

/* Begin PBXBuildFile section */
		0F94A73721C7C9B000B87B17 /* RxAtomic.framework in Frameworks */ = {isa = PBXBuildFile; fileRef = 0F94A73621C7C9B000B87B17 /* RxAtomic.framework */; };
		0F94A73921C7C9B600B87B17 /* RxSwift.framework in Frameworks */ = {isa = PBXBuildFile; fileRef = 0F94A73821C7C9B600B87B17 /* RxSwift.framework */; };
		0FA3AFCD21AECE2A009DAFAA /* RxSwiftAutoRetry.swift in Sources */ = {isa = PBXBuildFile; fileRef = 0FA3AFCC21AECE2A009DAFAA /* RxSwiftAutoRetry.swift */; };
		0FA3AFD221AECE40009DAFAA /* MockError.swift in Sources */ = {isa = PBXBuildFile; fileRef = 0FA3AFCF21AECE40009DAFAA /* MockError.swift */; };
		0FA3AFD321AECE40009DAFAA /* DispatchQueue+String.swift in Sources */ = {isa = PBXBuildFile; fileRef = 0FA3AFD021AECE40009DAFAA /* DispatchQueue+String.swift */; };
		0FA3AFD421AECE41009DAFAA /* ObservableFactory.swift in Sources */ = {isa = PBXBuildFile; fileRef = 0FA3AFD121AECE40009DAFAA /* ObservableFactory.swift */; };
		0FA3AFD621AECED3009DAFAA /* README.md in Resources */ = {isa = PBXBuildFile; fileRef = 0FA3AFD521AECED3009DAFAA /* README.md */; };
		0FA3AFD821AECEE4009DAFAA /* RxSwiftAutoRetry.podspec in Resources */ = {isa = PBXBuildFile; fileRef = 0FA3AFD721AECEE3009DAFAA /* RxSwiftAutoRetry.podspec */; };
		0FB7BA6421B91A32003CCCCD /* SampleError.swift in Sources */ = {isa = PBXBuildFile; fileRef = 0FB7BA6321B91A32003CCCCD /* SampleError.swift */; };
		0FFBB87521B549B700787FB5 /* AppDelegate.swift in Sources */ = {isa = PBXBuildFile; fileRef = 0FFBB87421B549B700787FB5 /* AppDelegate.swift */; };
		0FFBB87721B549B700787FB5 /* ViewController.swift in Sources */ = {isa = PBXBuildFile; fileRef = 0FFBB87621B549B700787FB5 /* ViewController.swift */; };
		0FFEDC8E21AECC9500852572 /* RxSwiftAutoRetry.framework in Frameworks */ = {isa = PBXBuildFile; fileRef = 0FFEDC8421AECC9500852572 /* RxSwiftAutoRetry.framework */; };
		0FFEDC9321AECC9500852572 /* RxSwiftAutoRetryTests.swift in Sources */ = {isa = PBXBuildFile; fileRef = 0FFEDC9221AECC9500852572 /* RxSwiftAutoRetryTests.swift */; };
		0FFEDC9521AECC9500852572 /* RxSwiftAutoRetry.h in Headers */ = {isa = PBXBuildFile; fileRef = 0FFEDC8721AECC9500852572 /* RxSwiftAutoRetry.h */; settings = {ATTRIBUTES = (Public, ); }; };
/* End PBXBuildFile section */

/* Begin PBXContainerItemProxy section */
		0FFEDC8F21AECC9500852572 /* PBXContainerItemProxy */ = {
			isa = PBXContainerItemProxy;
			containerPortal = 0FFEDC7B21AECC9500852572 /* Project object */;
			proxyType = 1;
			remoteGlobalIDString = 0FFEDC8321AECC9500852572;
			remoteInfo = RxSwiftAutoRetry;
		};
/* End PBXContainerItemProxy section */

/* Begin PBXFileReference section */
		0F94A73621C7C9B000B87B17 /* RxAtomic.framework */ = {isa = PBXFileReference; lastKnownFileType = wrapper.framework; name = RxAtomic.framework; path = Carthage/Build/iOS/RxAtomic.framework; sourceTree = "<group>"; };
		0F94A73821C7C9B600B87B17 /* RxSwift.framework */ = {isa = PBXFileReference; lastKnownFileType = wrapper.framework; name = RxSwift.framework; path = Carthage/Build/iOS/RxSwift.framework; sourceTree = "<group>"; };
		0FA3AFCC21AECE2A009DAFAA /* RxSwiftAutoRetry.swift */ = {isa = PBXFileReference; fileEncoding = 4; lastKnownFileType = sourcecode.swift; path = RxSwiftAutoRetry.swift; sourceTree = "<group>"; };
		0FA3AFCF21AECE40009DAFAA /* MockError.swift */ = {isa = PBXFileReference; fileEncoding = 4; lastKnownFileType = sourcecode.swift; path = MockError.swift; sourceTree = "<group>"; };
		0FA3AFD021AECE40009DAFAA /* DispatchQueue+String.swift */ = {isa = PBXFileReference; fileEncoding = 4; lastKnownFileType = sourcecode.swift; path = "DispatchQueue+String.swift"; sourceTree = "<group>"; };
		0FA3AFD121AECE40009DAFAA /* ObservableFactory.swift */ = {isa = PBXFileReference; fileEncoding = 4; lastKnownFileType = sourcecode.swift; path = ObservableFactory.swift; sourceTree = "<group>"; };
		0FA3AFD521AECED3009DAFAA /* README.md */ = {isa = PBXFileReference; fileEncoding = 4; lastKnownFileType = net.daringfireball.markdown; path = README.md; sourceTree = "<group>"; };
		0FA3AFD721AECEE3009DAFAA /* RxSwiftAutoRetry.podspec */ = {isa = PBXFileReference; fileEncoding = 4; lastKnownFileType = text; path = RxSwiftAutoRetry.podspec; sourceTree = "<group>"; xcLanguageSpecificationIdentifier = xcode.lang.ruby; };
		0FB7BA6321B91A32003CCCCD /* SampleError.swift */ = {isa = PBXFileReference; lastKnownFileType = sourcecode.swift; path = SampleError.swift; sourceTree = "<group>"; };
		0FFBB86B21B5349600787FB5 /* LICENSE */ = {isa = PBXFileReference; lastKnownFileType = text; path = LICENSE; sourceTree = "<group>"; };
		0FFBB87221B549B700787FB5 /* ExampleApp.app */ = {isa = PBXFileReference; explicitFileType = wrapper.application; includeInIndex = 0; path = ExampleApp.app; sourceTree = BUILT_PRODUCTS_DIR; };
		0FFBB87421B549B700787FB5 /* AppDelegate.swift */ = {isa = PBXFileReference; lastKnownFileType = sourcecode.swift; path = AppDelegate.swift; sourceTree = "<group>"; };
		0FFBB87621B549B700787FB5 /* ViewController.swift */ = {isa = PBXFileReference; lastKnownFileType = sourcecode.swift; path = ViewController.swift; sourceTree = "<group>"; };
		0FFBB88021B549B900787FB5 /* Info.plist */ = {isa = PBXFileReference; lastKnownFileType = text.plist.xml; path = Info.plist; sourceTree = "<group>"; };
		0FFEDC8421AECC9500852572 /* RxSwiftAutoRetry.framework */ = {isa = PBXFileReference; explicitFileType = wrapper.framework; includeInIndex = 0; path = RxSwiftAutoRetry.framework; sourceTree = BUILT_PRODUCTS_DIR; };
		0FFEDC8721AECC9500852572 /* RxSwiftAutoRetry.h */ = {isa = PBXFileReference; lastKnownFileType = sourcecode.c.h; path = RxSwiftAutoRetry.h; sourceTree = "<group>"; };
		0FFEDC8821AECC9500852572 /* Info.plist */ = {isa = PBXFileReference; lastKnownFileType = text.plist.xml; path = Info.plist; sourceTree = "<group>"; };
		0FFEDC8D21AECC9500852572 /* RxSwiftAutoRetryTests.xctest */ = {isa = PBXFileReference; explicitFileType = wrapper.cfbundle; includeInIndex = 0; path = RxSwiftAutoRetryTests.xctest; sourceTree = BUILT_PRODUCTS_DIR; };
		0FFEDC9221AECC9500852572 /* RxSwiftAutoRetryTests.swift */ = {isa = PBXFileReference; lastKnownFileType = sourcecode.swift; path = RxSwiftAutoRetryTests.swift; sourceTree = "<group>"; };
		0FFEDC9421AECC9500852572 /* Info.plist */ = {isa = PBXFileReference; lastKnownFileType = text.plist.xml; path = Info.plist; sourceTree = "<group>"; };
/* End PBXFileReference section */

/* Begin PBXFrameworksBuildPhase section */
		0FFBB86F21B549B700787FB5 /* Frameworks */ = {
			isa = PBXFrameworksBuildPhase;
			buildActionMask = 2147483647;
			files = (
			);
			runOnlyForDeploymentPostprocessing = 0;
		};
		0FFEDC8121AECC9500852572 /* Frameworks */ = {
			isa = PBXFrameworksBuildPhase;
			buildActionMask = 2147483647;
			files = (
				0F94A73721C7C9B000B87B17 /* RxAtomic.framework in Frameworks */,
				0F94A73921C7C9B600B87B17 /* RxSwift.framework in Frameworks */,
			);
			runOnlyForDeploymentPostprocessing = 0;
		};
		0FFEDC8A21AECC9500852572 /* Frameworks */ = {
			isa = PBXFrameworksBuildPhase;
			buildActionMask = 2147483647;
			files = (
				0FFEDC8E21AECC9500852572 /* RxSwiftAutoRetry.framework in Frameworks */,
			);
			runOnlyForDeploymentPostprocessing = 0;
		};
/* End PBXFrameworksBuildPhase section */

/* Begin PBXGroup section */
		0F94A73521C7C9B000B87B17 /* Frameworks */ = {
			isa = PBXGroup;
			children = (
				0F94A73821C7C9B600B87B17 /* RxSwift.framework */,
				0F94A73621C7C9B000B87B17 /* RxAtomic.framework */,
			);
			name = Frameworks;
			sourceTree = "<group>";
		};
		0FA3AFCE21AECE40009DAFAA /* Resources */ = {
			isa = PBXGroup;
			children = (
				0FA3AFCF21AECE40009DAFAA /* MockError.swift */,
				0FA3AFD021AECE40009DAFAA /* DispatchQueue+String.swift */,
				0FA3AFD121AECE40009DAFAA /* ObservableFactory.swift */,
			);
			path = Resources;
			sourceTree = "<group>";
		};
		0FB7BA6221B91A18003CCCCD /* Errors */ = {
			isa = PBXGroup;
			children = (
				0FB7BA6321B91A32003CCCCD /* SampleError.swift */,
			);
			path = Errors;
			sourceTree = "<group>";
		};
		0FFBB87321B549B700787FB5 /* ExampleApp */ = {
			isa = PBXGroup;
			children = (
				0FB7BA6221B91A18003CCCCD /* Errors */,
				0FFBB87421B549B700787FB5 /* AppDelegate.swift */,
				0FFBB87621B549B700787FB5 /* ViewController.swift */,
				0FFBB88021B549B900787FB5 /* Info.plist */,
			);
			path = ExampleApp;
			sourceTree = "<group>";
		};
		0FFEDC7A21AECC9500852572 = {
			isa = PBXGroup;
			children = (
				0FFBB86B21B5349600787FB5 /* LICENSE */,
				0FA3AFD521AECED3009DAFAA /* README.md */,
				0FA3AFD721AECEE3009DAFAA /* RxSwiftAutoRetry.podspec */,
				0FFBB87321B549B700787FB5 /* ExampleApp */,
				0FFEDC8621AECC9500852572 /* Source */,
				0FFEDC9121AECC9500852572 /* Tests */,
				0FFEDC8521AECC9500852572 /* Products */,
				0F94A73521C7C9B000B87B17 /* Frameworks */,
			);
			sourceTree = "<group>";
		};
		0FFEDC8521AECC9500852572 /* Products */ = {
			isa = PBXGroup;
			children = (
				0FFEDC8421AECC9500852572 /* RxSwiftAutoRetry.framework */,
				0FFEDC8D21AECC9500852572 /* RxSwiftAutoRetryTests.xctest */,
				0FFBB87221B549B700787FB5 /* ExampleApp.app */,
			);
			name = Products;
			sourceTree = "<group>";
		};
		0FFEDC8621AECC9500852572 /* Source */ = {
			isa = PBXGroup;
			children = (
				0FA3AFCC21AECE2A009DAFAA /* RxSwiftAutoRetry.swift */,
				0FFEDC8721AECC9500852572 /* RxSwiftAutoRetry.h */,
				0FFEDC8821AECC9500852572 /* Info.plist */,
			);
			path = Source;
			sourceTree = "<group>";
		};
		0FFEDC9121AECC9500852572 /* Tests */ = {
			isa = PBXGroup;
			children = (
				0FA3AFCE21AECE40009DAFAA /* Resources */,
				0FFEDC9221AECC9500852572 /* RxSwiftAutoRetryTests.swift */,
				0FFEDC9421AECC9500852572 /* Info.plist */,
			);
			path = Tests;
			sourceTree = "<group>";
		};
/* End PBXGroup section */

/* Begin PBXHeadersBuildPhase section */
		0FFEDC7F21AECC9500852572 /* Headers */ = {
			isa = PBXHeadersBuildPhase;
			buildActionMask = 2147483647;
			files = (
				0FFEDC9521AECC9500852572 /* RxSwiftAutoRetry.h in Headers */,
			);
			runOnlyForDeploymentPostprocessing = 0;
		};
/* End PBXHeadersBuildPhase section */

/* Begin PBXNativeTarget section */
		0FFBB87121B549B700787FB5 /* ExampleApp */ = {
			isa = PBXNativeTarget;
			buildConfigurationList = 0FFBB88121B549B900787FB5 /* Build configuration list for PBXNativeTarget "ExampleApp" */;
			buildPhases = (
				0FFBB86E21B549B700787FB5 /* Sources */,
				0FFBB86F21B549B700787FB5 /* Frameworks */,
				0FFBB87021B549B700787FB5 /* Resources */,
				15E653B5A47D845D61D6DFFA /* [CP] Embed Pods Frameworks */,
			);
			buildRules = (
			);
			dependencies = (
			);
			name = ExampleApp;
			productName = ExampleApp;
			productReference = 0FFBB87221B549B700787FB5 /* ExampleApp.app */;
			productType = "com.apple.product-type.application";
		};
		0FFEDC8321AECC9500852572 /* RxSwiftAutoRetry */ = {
			isa = PBXNativeTarget;
			buildConfigurationList = 0FFEDC9821AECC9500852572 /* Build configuration list for PBXNativeTarget "RxSwiftAutoRetry" */;
			buildPhases = (
				0FFEDC7F21AECC9500852572 /* Headers */,
				0FFEDC8021AECC9500852572 /* Sources */,
				0FFEDC8121AECC9500852572 /* Frameworks */,
				0FFEDC8221AECC9500852572 /* Resources */,
			);
			buildRules = (
			);
			dependencies = (
			);
			name = RxSwiftAutoRetry;
			productName = RxSwiftAutoRetry;
			productReference = 0FFEDC8421AECC9500852572 /* RxSwiftAutoRetry.framework */;
			productType = "com.apple.product-type.framework";
		};
		0FFEDC8C21AECC9500852572 /* RxSwiftAutoRetryTests */ = {
			isa = PBXNativeTarget;
			buildConfigurationList = 0FFEDC9B21AECC9500852572 /* Build configuration list for PBXNativeTarget "RxSwiftAutoRetryTests" */;
			buildPhases = (
				0FFEDC8921AECC9500852572 /* Sources */,
				0FFEDC8A21AECC9500852572 /* Frameworks */,
				0FFEDC8B21AECC9500852572 /* Resources */,
				7E4A4A76B7C90CBBF9241E82 /* [CP] Embed Pods Frameworks */,
			);
			buildRules = (
			);
			dependencies = (
				0FFEDC9021AECC9500852572 /* PBXTargetDependency */,
			);
			name = RxSwiftAutoRetryTests;
			productName = RxSwiftAutoRetryTests;
			productReference = 0FFEDC8D21AECC9500852572 /* RxSwiftAutoRetryTests.xctest */;
			productType = "com.apple.product-type.bundle.unit-test";
		};
/* End PBXNativeTarget section */

/* Begin PBXProject section */
		0FFEDC7B21AECC9500852572 /* Project object */ = {
			isa = PBXProject;
			attributes = {
				LastSwiftUpdateCheck = 1010;
				LastUpgradeCheck = 1010;
				ORGANIZATIONNAME = SwingDev;
				TargetAttributes = {
					0FFBB87121B549B700787FB5 = {
						CreatedOnToolsVersion = 10.1;
					};
					0FFEDC8321AECC9500852572 = {
						CreatedOnToolsVersion = 10.1;
						LastSwiftMigration = 1010;
					};
					0FFEDC8C21AECC9500852572 = {
						CreatedOnToolsVersion = 10.1;
					};
				};
			};
			buildConfigurationList = 0FFEDC7E21AECC9500852572 /* Build configuration list for PBXProject "RxSwiftAutoRetry" */;
			compatibilityVersion = "Xcode 9.3";
			developmentRegion = en;
			hasScannedForEncodings = 0;
			knownRegions = (
				en,
				Base,
			);
			mainGroup = 0FFEDC7A21AECC9500852572;
			productRefGroup = 0FFEDC8521AECC9500852572 /* Products */;
			projectDirPath = "";
			projectRoot = "";
			targets = (
				0FFBB87121B549B700787FB5 /* ExampleApp */,
				0FFEDC8321AECC9500852572 /* RxSwiftAutoRetry */,
				0FFEDC8C21AECC9500852572 /* RxSwiftAutoRetryTests */,
			);
		};
/* End PBXProject section */

/* Begin PBXResourcesBuildPhase section */
		0FFBB87021B549B700787FB5 /* Resources */ = {
			isa = PBXResourcesBuildPhase;
			buildActionMask = 2147483647;
			files = (
			);
			runOnlyForDeploymentPostprocessing = 0;
		};
		0FFEDC8221AECC9500852572 /* Resources */ = {
			isa = PBXResourcesBuildPhase;
			buildActionMask = 2147483647;
			files = (
				0FA3AFD821AECEE4009DAFAA /* RxSwiftAutoRetry.podspec in Resources */,
				0FA3AFD621AECED3009DAFAA /* README.md in Resources */,
			);
			runOnlyForDeploymentPostprocessing = 0;
		};
		0FFEDC8B21AECC9500852572 /* Resources */ = {
			isa = PBXResourcesBuildPhase;
			buildActionMask = 2147483647;
			files = (
			);
			runOnlyForDeploymentPostprocessing = 0;
		};
/* End PBXResourcesBuildPhase section */

/* Begin PBXShellScriptBuildPhase section */
		15E653B5A47D845D61D6DFFA /* [CP] Embed Pods Frameworks */ = {
			isa = PBXShellScriptBuildPhase;
			buildActionMask = 2147483647;
			files = (
			);
			inputFileListPaths = (
			);
			inputPaths = (
				"${SRCROOT}/Pods/Target Support Files/Pods-ExampleApp/Pods-ExampleApp-frameworks.sh",
				"${BUILT_PRODUCTS_DIR}/RxAtomic/RxAtomic.framework",
				"${BUILT_PRODUCTS_DIR}/RxSwift/RxSwift.framework",
				"${BUILT_PRODUCTS_DIR}/RxSwiftAutoRetry/RxSwiftAutoRetry.framework",
			);
			name = "[CP] Embed Pods Frameworks";
			outputFileListPaths = (
			);
			outputPaths = (
				"${TARGET_BUILD_DIR}/${FRAMEWORKS_FOLDER_PATH}/RxAtomic.framework",
				"${TARGET_BUILD_DIR}/${FRAMEWORKS_FOLDER_PATH}/RxSwift.framework",
				"${TARGET_BUILD_DIR}/${FRAMEWORKS_FOLDER_PATH}/RxSwiftAutoRetry.framework",
			);
			runOnlyForDeploymentPostprocessing = 0;
			shellPath = /bin/sh;
			shellScript = "\"${SRCROOT}/Pods/Target Support Files/Pods-ExampleApp/Pods-ExampleApp-frameworks.sh\"\n";
			showEnvVarsInLog = 0;
		};
		7E4A4A76B7C90CBBF9241E82 /* [CP] Embed Pods Frameworks */ = {
			isa = PBXShellScriptBuildPhase;
			buildActionMask = 2147483647;
			files = (
			);
			inputFileListPaths = (
			);
			inputPaths = (
				"${SRCROOT}/Pods/Target Support Files/Pods-RxSwiftAutoRetryTests/Pods-RxSwiftAutoRetryTests-frameworks.sh",
				"${BUILT_PRODUCTS_DIR}/RxAtomic/RxAtomic.framework",
				"${BUILT_PRODUCTS_DIR}/RxSwift/RxSwift.framework",
				"${BUILT_PRODUCTS_DIR}/Nimble/Nimble.framework",
			);
			name = "[CP] Embed Pods Frameworks";
			outputFileListPaths = (
			);
			outputPaths = (
				"${TARGET_BUILD_DIR}/${FRAMEWORKS_FOLDER_PATH}/RxAtomic.framework",
				"${TARGET_BUILD_DIR}/${FRAMEWORKS_FOLDER_PATH}/RxSwift.framework",
				"${TARGET_BUILD_DIR}/${FRAMEWORKS_FOLDER_PATH}/Nimble.framework",
			);
			runOnlyForDeploymentPostprocessing = 0;
			shellPath = /bin/sh;
			shellScript = "\"${SRCROOT}/Pods/Target Support Files/Pods-RxSwiftAutoRetryTests/Pods-RxSwiftAutoRetryTests-frameworks.sh\"\n";
			showEnvVarsInLog = 0;
		};
/* End PBXShellScriptBuildPhase section */

/* Begin PBXSourcesBuildPhase section */
		0FFBB86E21B549B700787FB5 /* Sources */ = {
			isa = PBXSourcesBuildPhase;
			buildActionMask = 2147483647;
			files = (
				0FB7BA6421B91A32003CCCCD /* SampleError.swift in Sources */,
				0FFBB87721B549B700787FB5 /* ViewController.swift in Sources */,
				0FFBB87521B549B700787FB5 /* AppDelegate.swift in Sources */,
			);
			runOnlyForDeploymentPostprocessing = 0;
		};
		0FFEDC8021AECC9500852572 /* Sources */ = {
			isa = PBXSourcesBuildPhase;
			buildActionMask = 2147483647;
			files = (
				0FA3AFCD21AECE2A009DAFAA /* RxSwiftAutoRetry.swift in Sources */,
			);
			runOnlyForDeploymentPostprocessing = 0;
		};
		0FFEDC8921AECC9500852572 /* Sources */ = {
			isa = PBXSourcesBuildPhase;
			buildActionMask = 2147483647;
			files = (
				0FA3AFD221AECE40009DAFAA /* MockError.swift in Sources */,
				0FFEDC9321AECC9500852572 /* RxSwiftAutoRetryTests.swift in Sources */,
				0FA3AFD321AECE40009DAFAA /* DispatchQueue+String.swift in Sources */,
				0FA3AFD421AECE41009DAFAA /* ObservableFactory.swift in Sources */,
			);
			runOnlyForDeploymentPostprocessing = 0;
		};
/* End PBXSourcesBuildPhase section */

/* Begin PBXTargetDependency section */
		0FFEDC9021AECC9500852572 /* PBXTargetDependency */ = {
			isa = PBXTargetDependency;
			target = 0FFEDC8321AECC9500852572 /* RxSwiftAutoRetry */;
			targetProxy = 0FFEDC8F21AECC9500852572 /* PBXContainerItemProxy */;
		};
/* End PBXTargetDependency section */

/* Begin XCBuildConfiguration section */
		0FFBB88221B549B900787FB5 /* Debug */ = {
			isa = XCBuildConfiguration;
			buildSettings = {
				ASSETCATALOG_COMPILER_APPICON_NAME = AppIcon;
				CODE_SIGN_STYLE = Automatic;
				DEVELOPMENT_TEAM = 4VV3H7446H;
				INFOPLIST_FILE = ExampleApp/Info.plist;
				LD_RUNPATH_SEARCH_PATHS = (
					"$(inherited)",
					"@executable_path/Frameworks",
				);
				PRODUCT_BUNDLE_IDENTIFIER = io.swingdev.ExampleApp;
				PRODUCT_NAME = "$(TARGET_NAME)";
				SWIFT_VERSION = 4.2;
				TARGETED_DEVICE_FAMILY = "1,2";
			};
			name = Debug;
		};
		0FFBB88321B549B900787FB5 /* Release */ = {
			isa = XCBuildConfiguration;
			buildSettings = {
				ASSETCATALOG_COMPILER_APPICON_NAME = AppIcon;
				CODE_SIGN_STYLE = Automatic;
				DEVELOPMENT_TEAM = 4VV3H7446H;
				INFOPLIST_FILE = ExampleApp/Info.plist;
				LD_RUNPATH_SEARCH_PATHS = (
					"$(inherited)",
					"@executable_path/Frameworks",
				);
				PRODUCT_BUNDLE_IDENTIFIER = io.swingdev.ExampleApp;
				PRODUCT_NAME = "$(TARGET_NAME)";
				SWIFT_VERSION = 4.2;
				TARGETED_DEVICE_FAMILY = "1,2";
			};
			name = Release;
		};
		0FFEDC9621AECC9500852572 /* Debug */ = {
			isa = XCBuildConfiguration;
			buildSettings = {
				ALWAYS_SEARCH_USER_PATHS = NO;
				CLANG_ANALYZER_NONNULL = YES;
				CLANG_ANALYZER_NUMBER_OBJECT_CONVERSION = YES_AGGRESSIVE;
				CLANG_CXX_LANGUAGE_STANDARD = "gnu++14";
				CLANG_CXX_LIBRARY = "libc++";
				CLANG_ENABLE_MODULES = YES;
				CLANG_ENABLE_OBJC_ARC = YES;
				CLANG_ENABLE_OBJC_WEAK = YES;
				CLANG_WARN_BLOCK_CAPTURE_AUTORELEASING = YES;
				CLANG_WARN_BOOL_CONVERSION = YES;
				CLANG_WARN_COMMA = YES;
				CLANG_WARN_CONSTANT_CONVERSION = YES;
				CLANG_WARN_DEPRECATED_OBJC_IMPLEMENTATIONS = YES;
				CLANG_WARN_DIRECT_OBJC_ISA_USAGE = YES_ERROR;
				CLANG_WARN_DOCUMENTATION_COMMENTS = YES;
				CLANG_WARN_EMPTY_BODY = YES;
				CLANG_WARN_ENUM_CONVERSION = YES;
				CLANG_WARN_INFINITE_RECURSION = YES;
				CLANG_WARN_INT_CONVERSION = YES;
				CLANG_WARN_NON_LITERAL_NULL_CONVERSION = YES;
				CLANG_WARN_OBJC_IMPLICIT_RETAIN_SELF = YES;
				CLANG_WARN_OBJC_LITERAL_CONVERSION = YES;
				CLANG_WARN_OBJC_ROOT_CLASS = YES_ERROR;
				CLANG_WARN_RANGE_LOOP_ANALYSIS = YES;
				CLANG_WARN_STRICT_PROTOTYPES = YES;
				CLANG_WARN_SUSPICIOUS_MOVE = YES;
				CLANG_WARN_UNGUARDED_AVAILABILITY = YES_AGGRESSIVE;
				CLANG_WARN_UNREACHABLE_CODE = YES;
				CLANG_WARN__DUPLICATE_METHOD_MATCH = YES;
				CODE_SIGN_IDENTITY = "iPhone Developer";
				COPY_PHASE_STRIP = NO;
				CURRENT_PROJECT_VERSION = 1;
				DEBUG_INFORMATION_FORMAT = dwarf;
				ENABLE_STRICT_OBJC_MSGSEND = YES;
				ENABLE_TESTABILITY = YES;
				GCC_C_LANGUAGE_STANDARD = gnu11;
				GCC_DYNAMIC_NO_PIC = NO;
				GCC_NO_COMMON_BLOCKS = YES;
				GCC_OPTIMIZATION_LEVEL = 0;
				GCC_PREPROCESSOR_DEFINITIONS = (
					"DEBUG=1",
					"$(inherited)",
				);
				GCC_WARN_64_TO_32_BIT_CONVERSION = YES;
				GCC_WARN_ABOUT_RETURN_TYPE = YES_ERROR;
				GCC_WARN_UNDECLARED_SELECTOR = YES;
				GCC_WARN_UNINITIALIZED_AUTOS = YES_AGGRESSIVE;
				GCC_WARN_UNUSED_FUNCTION = YES;
				GCC_WARN_UNUSED_VARIABLE = YES;
				IPHONEOS_DEPLOYMENT_TARGET = 12.1;
				MTL_ENABLE_DEBUG_INFO = INCLUDE_SOURCE;
				MTL_FAST_MATH = YES;
				ONLY_ACTIVE_ARCH = YES;
				SDKROOT = iphoneos;
				SWIFT_ACTIVE_COMPILATION_CONDITIONS = DEBUG;
				SWIFT_OPTIMIZATION_LEVEL = "-Onone";
				VERSIONING_SYSTEM = "apple-generic";
				VERSION_INFO_PREFIX = "";
			};
			name = Debug;
		};
		0FFEDC9721AECC9500852572 /* Release */ = {
			isa = XCBuildConfiguration;
			buildSettings = {
				ALWAYS_SEARCH_USER_PATHS = NO;
				CLANG_ANALYZER_NONNULL = YES;
				CLANG_ANALYZER_NUMBER_OBJECT_CONVERSION = YES_AGGRESSIVE;
				CLANG_CXX_LANGUAGE_STANDARD = "gnu++14";
				CLANG_CXX_LIBRARY = "libc++";
				CLANG_ENABLE_MODULES = YES;
				CLANG_ENABLE_OBJC_ARC = YES;
				CLANG_ENABLE_OBJC_WEAK = YES;
				CLANG_WARN_BLOCK_CAPTURE_AUTORELEASING = YES;
				CLANG_WARN_BOOL_CONVERSION = YES;
				CLANG_WARN_COMMA = YES;
				CLANG_WARN_CONSTANT_CONVERSION = YES;
				CLANG_WARN_DEPRECATED_OBJC_IMPLEMENTATIONS = YES;
				CLANG_WARN_DIRECT_OBJC_ISA_USAGE = YES_ERROR;
				CLANG_WARN_DOCUMENTATION_COMMENTS = YES;
				CLANG_WARN_EMPTY_BODY = YES;
				CLANG_WARN_ENUM_CONVERSION = YES;
				CLANG_WARN_INFINITE_RECURSION = YES;
				CLANG_WARN_INT_CONVERSION = YES;
				CLANG_WARN_NON_LITERAL_NULL_CONVERSION = YES;
				CLANG_WARN_OBJC_IMPLICIT_RETAIN_SELF = YES;
				CLANG_WARN_OBJC_LITERAL_CONVERSION = YES;
				CLANG_WARN_OBJC_ROOT_CLASS = YES_ERROR;
				CLANG_WARN_RANGE_LOOP_ANALYSIS = YES;
				CLANG_WARN_STRICT_PROTOTYPES = YES;
				CLANG_WARN_SUSPICIOUS_MOVE = YES;
				CLANG_WARN_UNGUARDED_AVAILABILITY = YES_AGGRESSIVE;
				CLANG_WARN_UNREACHABLE_CODE = YES;
				CLANG_WARN__DUPLICATE_METHOD_MATCH = YES;
				CODE_SIGN_IDENTITY = "iPhone Developer";
				COPY_PHASE_STRIP = NO;
				CURRENT_PROJECT_VERSION = 1;
				DEBUG_INFORMATION_FORMAT = "dwarf-with-dsym";
				ENABLE_NS_ASSERTIONS = NO;
				ENABLE_STRICT_OBJC_MSGSEND = YES;
				GCC_C_LANGUAGE_STANDARD = gnu11;
				GCC_NO_COMMON_BLOCKS = YES;
				GCC_WARN_64_TO_32_BIT_CONVERSION = YES;
				GCC_WARN_ABOUT_RETURN_TYPE = YES_ERROR;
				GCC_WARN_UNDECLARED_SELECTOR = YES;
				GCC_WARN_UNINITIALIZED_AUTOS = YES_AGGRESSIVE;
				GCC_WARN_UNUSED_FUNCTION = YES;
				GCC_WARN_UNUSED_VARIABLE = YES;
				IPHONEOS_DEPLOYMENT_TARGET = 12.1;
				MTL_ENABLE_DEBUG_INFO = NO;
				MTL_FAST_MATH = YES;
				SDKROOT = iphoneos;
				SWIFT_COMPILATION_MODE = wholemodule;
				SWIFT_OPTIMIZATION_LEVEL = "-O";
				VALIDATE_PRODUCT = YES;
				VERSIONING_SYSTEM = "apple-generic";
				VERSION_INFO_PREFIX = "";
			};
			name = Release;
		};
		0FFEDC9921AECC9500852572 /* Debug */ = {
			isa = XCBuildConfiguration;
			buildSettings = {
				CLANG_ENABLE_MODULES = YES;
				CODE_SIGN_IDENTITY = "";
				CODE_SIGN_STYLE = Automatic;
				DEFINES_MODULE = YES;
				DEVELOPMENT_TEAM = 4VV3H7446H;
				DYLIB_COMPATIBILITY_VERSION = 1;
				DYLIB_CURRENT_VERSION = 1;
				DYLIB_INSTALL_NAME_BASE = "@rpath";
				FRAMEWORK_SEARCH_PATHS = (
					"$(inherited)",
					"$(PROJECT_DIR)/Carthage/Build/iOS",
				);
				INFOPLIST_FILE = Source/Info.plist;
				INSTALL_PATH = "$(LOCAL_LIBRARY_DIR)/Frameworks";
				LD_RUNPATH_SEARCH_PATHS = (
					"$(inherited)",
					"@executable_path/Frameworks",
					"@loader_path/Frameworks",
				);
				PRODUCT_BUNDLE_IDENTIFIER = io.swingdev.RxSwiftAutoRetry;
				PRODUCT_NAME = "$(TARGET_NAME:c99extidentifier)";
				SKIP_INSTALL = YES;
				SWIFT_OPTIMIZATION_LEVEL = "-Onone";
				SWIFT_VERSION = 4.2;
				TARGETED_DEVICE_FAMILY = "1,2";
			};
			name = Debug;
		};
		0FFEDC9A21AECC9500852572 /* Release */ = {
			isa = XCBuildConfiguration;
			buildSettings = {
				CLANG_ENABLE_MODULES = YES;
				CODE_SIGN_IDENTITY = "";
				CODE_SIGN_STYLE = Automatic;
				DEFINES_MODULE = YES;
				DEVELOPMENT_TEAM = 4VV3H7446H;
				DYLIB_COMPATIBILITY_VERSION = 1;
				DYLIB_CURRENT_VERSION = 1;
				DYLIB_INSTALL_NAME_BASE = "@rpath";
				FRAMEWORK_SEARCH_PATHS = (
					"$(inherited)",
					"$(PROJECT_DIR)/Carthage/Build/iOS",
				);
				INFOPLIST_FILE = Source/Info.plist;
				INSTALL_PATH = "$(LOCAL_LIBRARY_DIR)/Frameworks";
				LD_RUNPATH_SEARCH_PATHS = (
					"$(inherited)",
					"@executable_path/Frameworks",
					"@loader_path/Frameworks",
				);
				PRODUCT_BUNDLE_IDENTIFIER = io.swingdev.RxSwiftAutoRetry;
				PRODUCT_NAME = "$(TARGET_NAME:c99extidentifier)";
				SKIP_INSTALL = YES;
				SWIFT_VERSION = 4.2;
				TARGETED_DEVICE_FAMILY = "1,2";
			};
			name = Release;
		};
		0FFEDC9C21AECC9500852572 /* Debug */ = {
			isa = XCBuildConfiguration;
			buildSettings = {
				ALWAYS_EMBED_SWIFT_STANDARD_LIBRARIES = YES;
				CODE_SIGN_STYLE = Automatic;
				DEVELOPMENT_TEAM = 4VV3H7446H;
				INFOPLIST_FILE = Tests/Info.plist;
				LD_RUNPATH_SEARCH_PATHS = (
					"$(inherited)",
					"@executable_path/Frameworks",
					"@loader_path/Frameworks",
				);
				PRODUCT_BUNDLE_IDENTIFIER = io.swingdev.RxSwiftAutoRetryTests;
				PRODUCT_NAME = "$(TARGET_NAME)";
				SWIFT_VERSION = 4.2;
				TARGETED_DEVICE_FAMILY = "1,2";
			};
			name = Debug;
		};
		0FFEDC9D21AECC9500852572 /* Release */ = {
			isa = XCBuildConfiguration;
			buildSettings = {
				ALWAYS_EMBED_SWIFT_STANDARD_LIBRARIES = YES;
				CODE_SIGN_STYLE = Automatic;
				DEVELOPMENT_TEAM = 4VV3H7446H;
				INFOPLIST_FILE = Tests/Info.plist;
				LD_RUNPATH_SEARCH_PATHS = (
					"$(inherited)",
					"@executable_path/Frameworks",
					"@loader_path/Frameworks",
				);
				PRODUCT_BUNDLE_IDENTIFIER = io.swingdev.RxSwiftAutoRetryTests;
				PRODUCT_NAME = "$(TARGET_NAME)";
				SWIFT_VERSION = 4.2;
				TARGETED_DEVICE_FAMILY = "1,2";
			};
			name = Release;
		};
/* End XCBuildConfiguration section */

/* Begin XCConfigurationList section */
		0FFBB88121B549B900787FB5 /* Build configuration list for PBXNativeTarget "ExampleApp" */ = {
			isa = XCConfigurationList;
			buildConfigurations = (
				0FFBB88221B549B900787FB5 /* Debug */,
				0FFBB88321B549B900787FB5 /* Release */,
			);
			defaultConfigurationIsVisible = 0;
			defaultConfigurationName = Release;
		};
		0FFEDC7E21AECC9500852572 /* Build configuration list for PBXProject "RxSwiftAutoRetry" */ = {
			isa = XCConfigurationList;
			buildConfigurations = (
				0FFEDC9621AECC9500852572 /* Debug */,
				0FFEDC9721AECC9500852572 /* Release */,
			);
			defaultConfigurationIsVisible = 0;
			defaultConfigurationName = Release;
		};
		0FFEDC9821AECC9500852572 /* Build configuration list for PBXNativeTarget "RxSwiftAutoRetry" */ = {
			isa = XCConfigurationList;
			buildConfigurations = (
				0FFEDC9921AECC9500852572 /* Debug */,
				0FFEDC9A21AECC9500852572 /* Release */,
			);
			defaultConfigurationIsVisible = 0;
			defaultConfigurationName = Release;
		};
		0FFEDC9B21AECC9500852572 /* Build configuration list for PBXNativeTarget "RxSwiftAutoRetryTests" */ = {
			isa = XCConfigurationList;
			buildConfigurations = (
				0FFEDC9C21AECC9500852572 /* Debug */,
				0FFEDC9D21AECC9500852572 /* Release */,
			);
			defaultConfigurationIsVisible = 0;
			defaultConfigurationName = Release;
		};
/* End XCConfigurationList section */
	};
	rootObject = 0FFEDC7B21AECC9500852572 /* Project object */;
}
